lockfileVersion: '6.0'

importers:

  .:
    devDependencies:
      husky:
        specifier: 8.0.3
        version: 8.0.3
      prettier:
        specifier: 2.8.3
        version: 2.8.3

  packages/reden.ai:
    dependencies:
      mustache:
        specifier: 4.2.0
        version: 4.2.0
    devDependencies:
      '@types/mustache':
        specifier: 4.2.2
        version: 4.2.2

  packages/redenai:
    dependencies:
      mustache:
        specifier: 4.2.0
        version: 4.2.0
    devDependencies:
      '@types/mustache':
        specifier: 4.2.2
        version: 4.2.2

packages:

  /@types/mustache@4.2.2:
    resolution: {integrity: sha512-MUSpfpW0yZbTgjekDbH0shMYBUD+X/uJJJMm9LXN1d5yjl5lCY1vN/eWKD6D1tOtjA6206K0zcIPnUaFMurdNA==}
    dev: true

  /husky@8.0.3:
    resolution: {integrity: sha512-+dQSyqPh4x1hlO1swXBiNb2HzTDN1I2IGLQx1GrBuiqFJfoMrnZWwVmatvSiO+Iz8fBUnf+lekwNo4c2LlXItg==}
    engines: {node: '>=14'}
    hasBin: true
    dev: true

  /mustache@4.2.0:
    resolution: {integrity: sha512-71ippSywq5Yb7/tVYyGbkBggbU8H3u5Rz56fH60jGFgr8uHwxs+aSKeqmluIVzM0m0kB7xQjKS6qPfd0b2ZoqQ==}
    hasBin: true
    dev: false

  /prettier@2.8.3:
    resolution: {integrity: sha512-tJ/oJ4amDihPoufT5sM0Z1SKEuKay8LfVAMlbbhnnkvt6BUserZylqo2PN+p9KeljLr0OHa2rXHU1T8reeoTrw==}
    engines: {node: '>=10.13.0'}
    hasBin: true
    dev: true
