lockfileVersion: '6.0'

importers:

  .: {}

  packages/redenai:
    dependencies:
      mustache:
        specifier: 4.2.0
        version: 4.2.0
    devDependencies:
      '@types/mustache':
        specifier: 4.2.2
        version: 4.2.2

packages:

  /@types/mustache@4.2.2:
    resolution: {integrity: sha512-MUSpfpW0yZbTgjekDbH0shMYBUD+X/uJJJMm9LXN1d5yjl5lCY1vN/eWKD6D1tOtjA6206K0zcIPnUaFMurdNA==}
    dev: true

  /mustache@4.2.0:
    resolution: {integrity: sha512-71ippSywq5Yb7/tVYyGbkBggbU8H3u5Rz56fH60jGFgr8uHwxs+aSKeqmluIVzM0m0kB7xQjKS6qPfd0b2ZoqQ==}
    hasBin: true
    dev: false
